
Microsoft Visual Studio Solution File, Format Version 12.00
# Visual Studio Version 17
VisualStudioVersion = 17.5.33627.172
MinimumVisualStudioVersion = 10.0.40219.1
Project("{FAE04EC0-301F-11D3-BF4B-00C04F79EFBC}") = "WebApplication2", "WebApplication2.csproj", "{A68E7035-76C4-4209-AAB7-9C6F1F3BB82F}"
EndProject
Global
	GlobalSection(SolutionConfigurationPlatforms) = preSolution
		Debug|Any CPU = Debug|Any CPU
		Release|Any CPU = Release|Any CPU
	EndGlobalSection
	GlobalSection(ProjectConfigurationPlatforms) = postSolution
		{A68E7035-76C4-4209-AAB7-9C6F1F3BB82F}.Debug|Any CPU.ActiveCfg = Debug|Any CPU
		{A68E7035-76C4-4209-AAB7-9C6F1F3BB82F}.Debug|Any CPU.Build.0 = Debug|Any CPU
		{A68E7035-76C4-4209-AAB7-9C6F1F3BB82F}.Release|Any CPU.ActiveCfg = Release|Any CPU
		{A68E7035-76C4-4209-AAB7-9C6F1F3BB82F}.Release|Any CPU.Build.0 = Release|Any CPU
	EndGlobalSection
	GlobalSection(SolutionProperties) = preSolution
		HideSolutionNode = FALSE
	EndGlobalSection
	GlobalSection(ExtensibilityGlobals) = postSolution
		SolutionGuid = {2CCA4847-5271-4B92-95B1-5F9469BFF6B4}
	EndGlobalSection
EndGlobal
